// !$*UTF8*$!
{
	archiveVersion = 1;
	classes = {
	};
	objectVersion = 46;
	objects = {

/* Begin PBXBuildFile section */
		63B846761E039AEE00947376 /* main.m in Sources */ = {isa = PBXBuildFile; fileRef = 63B846751E039AEE00947376 /* main.m */; };
		63B846791E039AEE00947376 /* AppDelegate.m in Sources */ = {isa = PBXBuildFile; fileRef = 63B846781E039AEE00947376 /* AppDelegate.m */; };
		63B8467C1E039AEE00947376 /* ViewController.m in Sources */ = {isa = PBXBuildFile; fileRef = 63B8467B1E039AEE00947376 /* ViewController.m */; };
		63B8467F1E039AEE00947376 /* Main.storyboard in Resources */ = {isa = PBXBuildFile; fileRef = 63B8467D1E039AEE00947376 /* Main.storyboard */; };
		63B846811E039AEE00947376 /* Assets.xcassets in Resources */ = {isa = PBXBuildFile; fileRef = 63B846801E039AEE00947376 /* Assets.xcassets */; };
		63B846841E039AEE00947376 /* LaunchScreen.storyboard in Resources */ = {isa = PBXBuildFile; fileRef = 63B846821E039AEE00947376 /* LaunchScreen.storyboard */; };
		63B8468F1E039C0400947376 /* YJGuideView.m in Sources */ = {isa = PBXBuildFile; fileRef = 63B8468E1E039C0400947376 /* YJGuideView.m */; };
		63B846951E03E36600947376 /* 引导页面.zip in Resources */ = {isa = PBXBuildFile; fileRef = 63B846941E03E36600947376 /* 引导页面.zip */; };
/* End PBXBuildFile section */

/* Begin PBXFileReference section */
		63B846711E039AEE00947376 /* YJGuideView.app */ = {isa = PBXFileReference; explicitFileType = wrapper.application; includeInIndex = 0; path = YJGuideView.app; sourceTree = BUILT_PRODUCTS_DIR; };
		63B846751E039AEE00947376 /* main.m */ = {isa = PBXFileReference; lastKnownFileType = sourcecode.c.objc; path = main.m; sourceTree = "<group>"; };
		63B846771E039AEE00947376 /* AppDelegate.h */ = {isa = PBXFileReference; lastKnownFileType = sourcecode.c.h; path = AppDelegate.h; sourceTree = "<group>"; };
		63B846781E039AEE00947376 /* AppDelegate.m */ = {isa = PBXFileReference; lastKnownFileType = sourcecode.c.objc; path = AppDelegate.m; sourceTree = "<group>"; };
		63B8467A1E039AEE00947376 /* ViewController.h */ = {isa = PBXFileReference; lastKnownFileType = sourcecode.c.h; path = ViewController.h; sourceTree = "<group>"; };
		63B8467B1E039AEE00947376 /* ViewController.m */ = {isa = PBXFileReference; lastKnownFileType = sourcecode.c.objc; path = ViewController.m; sourceTree = "<group>"; };
		63B8467E1E039AEE00947376 /* Base */ = {isa = PBXFileReference; lastKnownFileType = file.storyboard; name = Base; path = Base.lproj/Main.storyboard; sourceTree = "<group>"; };
		63B846801E039AEE00947376 /* Assets.xcassets */ = {isa = PBXFileReference; lastKnownFileType = folder.assetcatalog; path = Assets.xcassets; sourceTree = "<group>"; };
		63B846831E039AEE00947376 /* Base */ = {isa = PBXFileReference; lastKnownFileType = file.storyboard; name = Base; path = Base.lproj/LaunchScreen.storyboard; sourceTree = "<group>"; };
		63B846851E039AEE00947376 /* Info.plist */ = {isa = PBXFileReference; lastKnownFileType = text.plist.xml; path = Info.plist; sourceTree = "<group>"; };
		63B8468D1E039C0400947376 /* YJGuideView.h */ = {isa = PBXFileReference; fileEncoding = 4; lastKnownFileType = sourcecode.c.h; path = YJGuideView.h; sourceTree = "<group>"; };
		63B8468E1E039C0400947376 /* YJGuideView.m */ = {isa = PBXFileReference; fileEncoding = 4; lastKnownFileType = sourcecode.c.objc; path = YJGuideView.m; sourceTree = "<group>"; };
		63B846941E03E36600947376 /* 引导页面.zip */ = {isa = PBXFileReference; lastKnownFileType = archive.zip; path = "引导页面.zip"; sourceTree = "<group>"; };
/* End PBXFileReference section */

/* Begin PBXFrameworksBuildPhase section */
		63B8466E1E039AEE00947376 /* Frameworks */ = {
			isa = PBXFrameworksBuildPhase;
			buildActionMask = 2147483647;
			files = (
			);
			runOnlyForDeploymentPostprocessing = 0;
		};
/* End PBXFrameworksBuildPhase section */

/* Begin PBXGroup section */
		63B846681E039AEE00947376 = {
			isa = PBXGroup;
			children = (
				63B846731E039AEE00947376 /* YJGuideView */,
				63B846721E039AEE00947376 /* Products */,
			);
			sourceTree = "<group>";
		};
		63B846721E039AEE00947376 /* Products */ = {
			isa = PBXGroup;
			children = (
				63B846711E039AEE00947376 /* YJGuideView.app */,
			);
			name = Products;
			sourceTree = "<group>";
		};
		63B846731E039AEE00947376 /* YJGuideView */ = {
			isa = PBXGroup;
			children = (
				63B8468B1E039BE900947376 /* YJGuideView */,
				63B846771E039AEE00947376 /* AppDelegate.h */,
				63B846781E039AEE00947376 /* AppDelegate.m */,
				63B8467A1E039AEE00947376 /* ViewController.h */,
				63B8467B1E039AEE00947376 /* ViewController.m */,
				63B846741E039AEE00947376 /* Supporting Files */,
			);
			path = YJGuideView;
			sourceTree = "<group>";
		};
		63B846741E039AEE00947376 /* Supporting Files */ = {
			isa = PBXGroup;
			children = (
				63B846941E03E36600947376 /* 引导页面.zip */,
				63B8467D1E039AEE00947376 /* Main.storyboard */,
				63B846801E039AEE00947376 /* Assets.xcassets */,
				63B846821E039AEE00947376 /* LaunchScreen.storyboard */,
				63B846851E039AEE00947376 /* Info.plist */,
				63B846751E039AEE00947376 /* main.m */,
			);
			name = "Supporting Files";
			sourceTree = "<group>";
		};
		63B8468B1E039BE900947376 /* YJGuideView */ = {
			isa = PBXGroup;
			children = (
				63B8468D1E039C0400947376 /* YJGuideView.h */,
				63B8468E1E039C0400947376 /* YJGuideView.m */,
				63B8468C1E039BE900947376 /* Resource */,
			);
			path = YJGuideView;
			sourceTree = "<group>";
		};
		63B8468C1E039BE900947376 /* Resource */ = {
			isa = PBXGroup;
			children = (
			);
			path = Resource;
			sourceTree = "<group>";
		};
/* End PBXGroup section */

/* Begin PBXNativeTarget section */
		63B846701E039AEE00947376 /* YJGuideView */ = {
			isa = PBXNativeTarget;
			buildConfigurationList = 63B846881E039AEE00947376 /* Build configuration list for PBXNativeTarget "YJGuideView" */;
			buildPhases = (
				63B8466D1E039AEE00947376 /* Sources */,
				63B8466E1E039AEE00947376 /* Frameworks */,
				63B8466F1E039AEE00947376 /* Resources */,
			);
			buildRules = (
			);
			dependencies = (
			);
			name = YJGuideView;
			productName = YJGuideView;
			productReference = 63B846711E039AEE00947376 /* YJGuideView.app */;
			productType = "com.apple.product-type.application";
		};
/* End PBXNativeTarget section */

/* Begin PBXProject section */
		63B846691E039AEE00947376 /* Project object */ = {
			isa = PBXProject;
			attributes = {
				LastUpgradeCheck = 0800;
				ORGANIZATIONNAME = YJHou;
				TargetAttributes = {
					63B846701E039AEE00947376 = {
						CreatedOnToolsVersion = 8.0;
						DevelopmentTeam = 33JZ8ZWGJN;
						ProvisioningStyle = Automatic;
					};
				};
			};
			buildConfigurationList = 63B8466C1E039AEE00947376 /* Build configuration list for PBXProject "YJGuideView" */;
			compatibilityVersion = "Xcode 3.2";
			developmentRegion = English;
			hasScannedForEncodings = 0;
			knownRegions = (
				en,
				Base,
			);
			mainGroup = 63B846681E039AEE00947376;
			productRefGroup = 63B846721E039AEE00947376 /* Products */;
			projectDirPath = "";
			projectRoot = "";
			targets = (
				63B846701E039AEE00947376 /* YJGuideView */,
			);
		};
/* End PBXProject section */

/* Begin PBXResourcesBuildPhase section */
		63B8466F1E039AEE00947376 /* Resources */ = {
			isa = PBXResourcesBuildPhase;
			buildActionMask = 2147483647;
			files = (
				63B846841E039AEE00947376 /* LaunchScreen.storyboard in Resources */,
				63B846951E03E36600947376 /* 引导页面.zip in Resources */,
				63B846811E039AEE00947376 /* Assets.xcassets in Resources */,
				63B8467F1E039AEE00947376 /* Main.storyboard in Resources */,
			);
			runOnlyForDeploymentPostprocessing = 0;
		};
/* End PBXResourcesBuildPhase section */

/* Begin PBXSourcesBuildPhase section */
		63B8466D1E039AEE00947376 /* Sources */ = {
			isa = PBXSourcesBuildPhase;
			buildActionMask = 2147483647;
			files = (
				63B8468F1E039C0400947376 /* YJGuideView.m in Sources */,
				63B8467C1E039AEE00947376 /* ViewController.m in Sources */,
				63B846791E039AEE00947376 /* AppDelegate.m in Sources */,
				63B846761E039AEE00947376 /* main.m in Sources */,
			);
			runOnlyForDeploymentPostprocessing = 0;
		};
/* End PBXSourcesBuildPhase section */

/* Begin PBXVariantGroup section */
		63B8467D1E039AEE00947376 /* Main.storyboard */ = {
			isa = PBXVariantGroup;
			children = (
				63B8467E1E039AEE00947376 /* Base */,
			);
			name = Main.storyboard;
			sourceTree = "<group>";
		};
		63B846821E039AEE00947376 /* LaunchScreen.storyboard */ = {
			isa = PBXVariantGroup;
			children = (
				63B846831E039AEE00947376 /* Base */,
			);
			name = LaunchScreen.storyboard;
			sourceTree = "<group>";
		};
/* End PBXVariantGroup section */

/* Begin XCBuildConfiguration section */
		63B846861E039AEE00947376 /* Debug */ = {
			isa = XCBuildConfiguration;
			buildSettings = {
				ALWAYS_SEARCH_USER_PATHS = NO;
				CLANG_ANALYZER_NONNULL = YES;
				CLANG_CXX_LANGUAGE_STANDARD = "gnu++0x";
				CLANG_CXX_LIBRARY = "libc++";
				CLANG_ENABLE_MODULES = YES;
				CLANG_ENABLE_OBJC_ARC = YES;
				CLANG_WARN_BOOL_CONVERSION = YES;
				CLANG_WARN_CONSTANT_CONVERSION = YES;
				CLANG_WARN_DIRECT_OBJC_ISA_USAGE = YES_ERROR;
				CLANG_WARN_DOCUMENTATION_COMMENTS = YES;
				CLANG_WARN_EMPTY_BODY = YES;
				CLANG_WARN_ENUM_CONVERSION = YES;
				CLANG_WARN_INFINITE_RECURSION = YES;
				CLANG_WARN_INT_CONVERSION = YES;
				CLANG_WARN_OBJC_ROOT_CLASS = YES_ERROR;
				CLANG_WARN_SUSPICIOUS_MOVES = YES;
				CLANG_WARN_UNREACHABLE_CODE = YES;
				CLANG_WARN__DUPLICATE_METHOD_MATCH = YES;
				"CODE_SIGN_IDENTITY[sdk=iphoneos*]" = "iPhone Developer";
				COPY_PHASE_STRIP = NO;
				DEBUG_INFORMATION_FORMAT = dwarf;
				ENABLE_STRICT_OBJC_MSGSEND = YES;
				ENABLE_TESTABILITY = YES;
				GCC_C_LANGUAGE_STANDARD = gnu99;
				GCC_DYNAMIC_NO_PIC = NO;
				GCC_NO_COMMON_BLOCKS = YES;
				GCC_OPTIMIZATION_LEVEL = 0;
				GCC_PREPROCESSOR_DEFINITIONS = (
					"DEBUG=1",
					"$(inherited)",
				);
				GCC_WARN_64_TO_32_BIT_CONVERSION = YES;
				GCC_WARN_ABOUT_RETURN_TYPE = YES_ERROR;
				GCC_WARN_UNDECLARED_SELECTOR = YES;
				GCC_WARN_UNINITIALIZED_AUTOS = YES_AGGRESSIVE;
				GCC_WARN_UNUSED_FUNCTION = YES;
				GCC_WARN_UNUSED_VARIABLE = YES;
				IPHONEOS_DEPLOYMENT_TARGET = 10.0;
				MTL_ENABLE_DEBUG_INFO = YES;
				ONLY_ACTIVE_ARCH = YES;
				SDKROOT = iphoneos;
			};
			name = Debug;
		};
		63B846871E039AEE00947376 /* Release */ = {
			isa = XCBuildConfiguration;
			buildSettings = {
				ALWAYS_SEARCH_USER_PATHS = NO;
				CLANG_ANALYZER_NONNULL = YES;
				CLANG_CXX_LANGUAGE_STANDARD = "gnu++0x";
				CLANG_CXX_LIBRARY = "libc++";
				CLANG_ENABLE_MODULES = YES;
				CLANG_ENABLE_OBJC_ARC = YES;
				CLANG_WARN_BOOL_CONVERSION = YES;
				CLANG_WARN_CONSTANT_CONVERSION = YES;
				CLANG_WARN_DIRECT_OBJC_ISA_USAGE = YES_ERROR;
				CLANG_WARN_DOCUMENTATION_COMMENTS = YES;
				CLANG_WARN_EMPTY_BODY = YES;
				CLANG_WARN_ENUM_CONVERSION = YES;
				CLANG_WARN_INFINITE_RECURSION = YES;
				CLANG_WARN_INT_CONVERSION = YES;
				CLANG_WARN_OBJC_ROOT_CLASS = YES_ERROR;
				CLANG_WARN_SUSPICIOUS_MOVES = YES;
				CLANG_WARN_UNREACHABLE_CODE = YES;
				CLANG_WARN__DUPLICATE_METHOD_MATCH = YES;
				"CODE_SIGN_IDENTITY[sdk=iphoneos*]" = "iPhone Developer";
				COPY_PHASE_STRIP = NO;
				DEBUG_INFORMATION_FORMAT = "dwarf-with-dsym";
				ENABLE_NS_ASSERTIONS = NO;
				ENABLE_STRICT_OBJC_MSGSEND = YES;
				GCC_C_LANGUAGE_STANDARD = gnu99;
				GCC_NO_COMMON_BLOCKS = YES;
				GCC_WARN_64_TO_32_BIT_CONVERSION = YES;
				GCC_WARN_ABOUT_RETURN_TYPE = YES_ERROR;
				GCC_WARN_UNDECLARED_SELECTOR = YES;
				GCC_WARN_UNINITIALIZED_AUTOS = YES_AGGRESSIVE;
				GCC_WARN_UNUSED_FUNCTION = YES;
				GCC_WARN_UNUSED_VARIABLE = YES;
				IPHONEOS_DEPLOYMENT_TARGET = 10.0;
				MTL_ENABLE_DEBUG_INFO = NO;
				SDKROOT = iphoneos;
				VALIDATE_PRODUCT = YES;
			};
			name = Release;
		};
		63B846891E039AEE00947376 /* Debug */ = {
			isa = XCBuildConfiguration;
			buildSettings = {
				ASSETCATALOG_COMPILER_APPICON_NAME = AppIcon;
				"CODE_SIGN_IDENTITY[sdk=iphoneos*]" = "iPhone Developer";
				DEVELOPMENT_TEAM = 33JZ8ZWGJN;
				INFOPLIST_FILE = YJGuideView/Info.plist;
				IPHONEOS_DEPLOYMENT_TARGET = 9.1;
				LD_RUNPATH_SEARCH_PATHS = "$(inherited) @executable_path/Frameworks";
				PRODUCT_BUNDLE_IDENTIFIER = com.houmanager.YJGuideView;
				PRODUCT_NAME = "$(TARGET_NAME)";
			};
			name = Debug;
		};
		63B8468A1E039AEE00947376 /* Release */ = {
			isa = XCBuildConfiguration;
			buildSettings = {
				ASSETCATALOG_COMPILER_APPICON_NAME = AppIcon;
				"CODE_SIGN_IDENTITY[sdk=iphoneos*]" = "iPhone Developer";
				DEVELOPMENT_TEAM = 33JZ8ZWGJN;
				INFOPLIST_FILE = YJGuideView/Info.plist;
				IPHONEOS_DEPLOYMENT_TARGET = 9.1;
				LD_RUNPATH_SEARCH_PATHS = "$(inherited) @executable_path/Frameworks";
				PRODUCT_BUNDLE_IDENTIFIER = com.houmanager.YJGuideView;
				PRODUCT_NAME = "$(TARGET_NAME)";
			};
			name = Release;
		};
/* End XCBuildConfiguration section */

/* Begin XCConfigurationList section */
		63B8466C1E039AEE00947376 /* Build configuration list for PBXProject "YJGuideView" */ = {
			isa = XCConfigurationList;
			buildConfigurations = (
				63B846861E039AEE00947376 /* Debug */,
				63B846871E039AEE00947376 /* Release */,
			);
			defaultConfigurationIsVisible = 0;
			defaultConfigurationName = Release;
		};
		63B846881E039AEE00947376 /* Build configuration list for PBXNativeTarget "YJGuideView" */ = {
			isa = XCConfigurationList;
			buildConfigurations = (
				63B846891E039AEE00947376 /* Debug */,
				63B8468A1E039AEE00947376 /* Release */,
			);
			defaultConfigurationIsVisible = 0;
			defaultConfigurationName = Release;
		};
/* End XCConfigurationList section */
	};
	rootObject = 63B846691E039AEE00947376 /* Project object */;
}
